
Microsoft Visual Studio Solution File, Format Version 12.00
# Visual Studio Version 17
VisualStudioVersion = 17.12.35707.178 d17.12
MinimumVisualStudioVersion = 10.0.40219.1
Project("{FAE04EC0-301F-11D3-BF4B-00C04F79EFBC}") = "AplicacionDeInformesDeVentas", "AplicacionDeInformesDeVentas.csproj", "{CE6F230E-DEF7-4314-8FDF-47CC6C0E9989}"
EndProject
Global
	GlobalSection(SolutionConfigurationPlatforms) = preSolution
		Debug|Any CPU = Debug|Any CPU
		Release|Any CPU = Release|Any CPU
	EndGlobalSection
	GlobalSection(ProjectConfigurationPlatforms) = postSolution
		{CE6F230E-DEF7-4314-8FDF-47CC6C0E9989}.Debug|Any CPU.ActiveCfg = Debug|Any CPU
		{CE6F230E-DEF7-4314-8FDF-47CC6C0E9989}.Debug|Any CPU.Build.0 = Debug|Any CPU
		{CE6F230E-DEF7-4314-8FDF-47CC6C0E9989}.Release|Any CPU.ActiveCfg = Release|Any CPU
		{CE6F230E-DEF7-4314-8FDF-47CC6C0E9989}.Release|Any CPU.Build.0 = Release|Any CPU
	EndGlobalSection
	GlobalSection(SolutionProperties) = preSolution
		HideSolutionNode = FALSE
	EndGlobalSection
EndGlobal
